// !$*UTF8*$!
{
	archiveVersion = 1;
	classes = {
	};
	objectVersion = 50;
	objects = {

/* Begin PBXBuildFile section */
		14A6E8DE230FEB8B0065B06B /* ListPrices.storyboard in Resources */ = {isa = PBXBuildFile; fileRef = 14A6E8DD230FEB8B0065B06B /* ListPrices.storyboard */; };
		14A6E8E0231003B00065B06B /* ListRecyclableTableViewCell.swift in Sources */ = {isa = PBXBuildFile; fileRef = 14A6E8DF231003B00065B06B /* ListRecyclableTableViewCell.swift */; };
		14A6E8E2231003C20065B06B /* ListRecyclableCollectionViewCell.swift in Sources */ = {isa = PBXBuildFile; fileRef = 14A6E8E1231003C20065B06B /* ListRecyclableCollectionViewCell.swift */; };
		14A6E8E523139C4B0065B06B /* Login.storyboard in Resources */ = {isa = PBXBuildFile; fileRef = 14A6E8E423139C4B0065B06B /* Login.storyboard */; };
		14A6E8E923139C800065B06B /* LoginViewController.swift in Sources */ = {isa = PBXBuildFile; fileRef = 14A6E8E823139C800065B06B /* LoginViewController.swift */; };
		14A6E8EB231ABBC40065B06B /* ListRecyclableExampleCollectionViewCell.swift in Sources */ = {isa = PBXBuildFile; fileRef = 14A6E8EA231ABBC40065B06B /* ListRecyclableExampleCollectionViewCell.swift */; };
		14A6E8ED231ABC970065B06B /* ListRecyclableExampleViewController.swift in Sources */ = {isa = PBXBuildFile; fileRef = 14A6E8EC231ABC970065B06B /* ListRecyclableExampleViewController.swift */; };
		688F7B822313B1EB006E3209 /* EditProfileViewController.swift in Sources */ = {isa = PBXBuildFile; fileRef = 688F7B812313B1EB006E3209 /* EditProfileViewController.swift */; };
		68D0C79C2313B529003FD659 /* Shadow.swift in Sources */ = {isa = PBXBuildFile; fileRef = 68D0C79B2313B529003FD659 /* Shadow.swift */; };
		E1045D932313F11E0051D339 /* AssetToImage.swift in Sources */ = {isa = PBXBuildFile; fileRef = E1045D922313F11E0051D339 /* AssetToImage.swift */; };
		E163C4DD231F83DC00D78114 /* SelectMapViewController.swift in Sources */ = {isa = PBXBuildFile; fileRef = E163C4DC231F83DC00D78114 /* SelectMapViewController.swift */; };
		E1A5D718230D53B70031D165 /* Profile.storyboard in Resources */ = {isa = PBXBuildFile; fileRef = E1A5D717230D53B70031D165 /* Profile.storyboard */; };
		E1A5D71B230D54030031D165 /* PickUp.storyboard in Resources */ = {isa = PBXBuildFile; fileRef = E1A5D71A230D54030031D165 /* PickUp.storyboard */; };
		E1A5D71D230D540D0031D165 /* Notification.storyboard in Resources */ = {isa = PBXBuildFile; fileRef = E1A5D71C230D540D0031D165 /* Notification.storyboard */; };
		E1A5D71F230D54250031D165 /* ListRecyclable.storyboard in Resources */ = {isa = PBXBuildFile; fileRef = E1A5D71E230D54250031D165 /* ListRecyclable.storyboard */; };
		E1AAA76C231542300091FFB6 /* DetailImageCollectionViewCell.swift in Sources */ = {isa = PBXBuildFile; fileRef = E1AAA76B231542300091FFB6 /* DetailImageCollectionViewCell.swift */; };
		E1AAA76E23165E3E0091FFB6 /* AcceptedViewController.swift in Sources */ = {isa = PBXBuildFile; fileRef = E1AAA76D23165E3E0091FFB6 /* AcceptedViewController.swift */; };
		E1AB5E33230D67B800EC5FC3 /* ListRecyclableViewController.swift in Sources */ = {isa = PBXBuildFile; fileRef = E1AB5E32230D67B800EC5FC3 /* ListRecyclableViewController.swift */; };
		E1AB5E35230D67D700EC5FC3 /* NotificationViewController.swift in Sources */ = {isa = PBXBuildFile; fileRef = E1AB5E34230D67D700EC5FC3 /* NotificationViewController.swift */; };
		E1AB5E37230D67F600EC5FC3 /* DetailNotificationViewController.swift in Sources */ = {isa = PBXBuildFile; fileRef = E1AB5E36230D67F600EC5FC3 /* DetailNotificationViewController.swift */; };
		E1AB5E39230D681800EC5FC3 /* PickUpViewController.swift in Sources */ = {isa = PBXBuildFile; fileRef = E1AB5E38230D681800EC5FC3 /* PickUpViewController.swift */; };
		E1AB5E3B230D68BC00EC5FC3 /* DashboardViewController.swift in Sources */ = {isa = PBXBuildFile; fileRef = E1AB5E3A230D68BC00EC5FC3 /* DashboardViewController.swift */; };
		E1AB5E3D230D68E000EC5FC3 /* ProfileViewController.swift in Sources */ = {isa = PBXBuildFile; fileRef = E1AB5E3C230D68E000EC5FC3 /* ProfileViewController.swift */; };
		E1BB23A5231241CA004DD76D /* DetailActivityTableViewCell.swift in Sources */ = {isa = PBXBuildFile; fileRef = E1BB23A4231241CA004DD76D /* DetailActivityTableViewCell.swift */; };
		E1CEA62F230E73D3009CDF08 /* SortInfoCollectionViewCell.swift in Sources */ = {isa = PBXBuildFile; fileRef = E1CEA62E230E73D3009CDF08 /* SortInfoCollectionViewCell.swift */; };
		E1CEA632230E77AE009CDF08 /* Rounded.swift in Sources */ = {isa = PBXBuildFile; fileRef = E1CEA631230E77AE009CDF08 /* Rounded.swift */; };
		E1CEA636230E96FD009CDF08 /* ActivityTableViewCell.swift in Sources */ = {isa = PBXBuildFile; fileRef = E1CEA635230E96FD009CDF08 /* ActivityTableViewCell.swift */; };
		E1CEA638230FCCAD009CDF08 /* EvidenceCollectionViewCell.swift in Sources */ = {isa = PBXBuildFile; fileRef = E1CEA637230FCCAD009CDF08 /* EvidenceCollectionViewCell.swift */; };
		E1CEA63A230FD2BF009CDF08 /* ListPriceViewController.swift in Sources */ = {isa = PBXBuildFile; fileRef = E1CEA639230FD2BF009CDF08 /* ListPriceViewController.swift */; };
		E1CEA63C230FD2DB009CDF08 /* ListPriceTableViewCell.swift in Sources */ = {isa = PBXBuildFile; fileRef = E1CEA63B230FD2DB009CDF08 /* ListPriceTableViewCell.swift */; };
		E1F95172231FC99900CD1E26 /* OnBoardingViewController.swift in Sources */ = {isa = PBXBuildFile; fileRef = E1F95171231FC99900CD1E26 /* OnBoardingViewController.swift */; };
		E1F95174231FC9B700CD1E26 /* Slide.xib in Resources */ = {isa = PBXBuildFile; fileRef = E1F95173231FC9B700CD1E26 /* Slide.xib */; };
		E1F95176231FCA5E00CD1E26 /* Slide.swift in Sources */ = {isa = PBXBuildFile; fileRef = E1F95175231FCA5E00CD1E26 /* Slide.swift */; };
		E1FC5551230D51C700F98225 /* AppDelegate.swift in Sources */ = {isa = PBXBuildFile; fileRef = E1FC5550230D51C700F98225 /* AppDelegate.swift */; };
		E1FC5556230D51C700F98225 /* Main.storyboard in Resources */ = {isa = PBXBuildFile; fileRef = E1FC5554230D51C700F98225 /* Main.storyboard */; };
		E1FC5558230D51C800F98225 /* Assets.xcassets in Resources */ = {isa = PBXBuildFile; fileRef = E1FC5557230D51C800F98225 /* Assets.xcassets */; };
		E1FC555B230D51C800F98225 /* LaunchScreen.storyboard in Resources */ = {isa = PBXBuildFile; fileRef = E1FC5559230D51C800F98225 /* LaunchScreen.storyboard */; };
		E1FC5565230D521700F98225 /* CloudKit.framework in Frameworks */ = {isa = PBXBuildFile; fileRef = E1FC5564230D521700F98225 /* CloudKit.framework */; };
/* End PBXBuildFile section */

/* Begin PBXFileReference section */
		14A6E8DD230FEB8B0065B06B /* ListPrices.storyboard */ = {isa = PBXFileReference; lastKnownFileType = file.storyboard; path = ListPrices.storyboard; sourceTree = "<group>"; };
		14A6E8DF231003B00065B06B /* ListRecyclableTableViewCell.swift */ = {isa = PBXFileReference; lastKnownFileType = sourcecode.swift; path = ListRecyclableTableViewCell.swift; sourceTree = "<group>"; };
		14A6E8E1231003C20065B06B /* ListRecyclableCollectionViewCell.swift */ = {isa = PBXFileReference; lastKnownFileType = sourcecode.swift; path = ListRecyclableCollectionViewCell.swift; sourceTree = "<group>"; };
		14A6E8E423139C4B0065B06B /* Login.storyboard */ = {isa = PBXFileReference; lastKnownFileType = file.storyboard; path = Login.storyboard; sourceTree = "<group>"; };
		14A6E8E823139C800065B06B /* LoginViewController.swift */ = {isa = PBXFileReference; lastKnownFileType = sourcecode.swift; path = LoginViewController.swift; sourceTree = "<group>"; };
		14A6E8EA231ABBC40065B06B /* ListRecyclableExampleCollectionViewCell.swift */ = {isa = PBXFileReference; lastKnownFileType = sourcecode.swift; path = ListRecyclableExampleCollectionViewCell.swift; sourceTree = "<group>"; };
		14A6E8EC231ABC970065B06B /* ListRecyclableExampleViewController.swift */ = {isa = PBXFileReference; lastKnownFileType = sourcecode.swift; path = ListRecyclableExampleViewController.swift; sourceTree = "<group>"; };
		688F7B812313B1EB006E3209 /* EditProfileViewController.swift */ = {isa = PBXFileReference; lastKnownFileType = sourcecode.swift; path = EditProfileViewController.swift; sourceTree = "<group>"; };
		68D0C79B2313B529003FD659 /* Shadow.swift */ = {isa = PBXFileReference; fileEncoding = 4; lastKnownFileType = sourcecode.swift; path = Shadow.swift; sourceTree = "<group>"; };
		E1045D922313F11E0051D339 /* AssetToImage.swift */ = {isa = PBXFileReference; lastKnownFileType = sourcecode.swift; path = AssetToImage.swift; sourceTree = "<group>"; };
		E163C4DC231F83DC00D78114 /* SelectMapViewController.swift */ = {isa = PBXFileReference; lastKnownFileType = sourcecode.swift; path = SelectMapViewController.swift; sourceTree = "<group>"; };
		E1A5D717230D53B70031D165 /* Profile.storyboard */ = {isa = PBXFileReference; lastKnownFileType = file.storyboard; path = Profile.storyboard; sourceTree = "<group>"; };
		E1A5D71A230D54030031D165 /* PickUp.storyboard */ = {isa = PBXFileReference; lastKnownFileType = file.storyboard; path = PickUp.storyboard; sourceTree = "<group>"; };
		E1A5D71C230D540D0031D165 /* Notification.storyboard */ = {isa = PBXFileReference; lastKnownFileType = file.storyboard; path = Notification.storyboard; sourceTree = "<group>"; };
		E1A5D71E230D54250031D165 /* ListRecyclable.storyboard */ = {isa = PBXFileReference; lastKnownFileType = file.storyboard; path = ListRecyclable.storyboard; sourceTree = "<group>"; };
		E1AAA76B231542300091FFB6 /* DetailImageCollectionViewCell.swift */ = {isa = PBXFileReference; lastKnownFileType = sourcecode.swift; path = DetailImageCollectionViewCell.swift; sourceTree = "<group>"; };
		E1AAA76D23165E3E0091FFB6 /* AcceptedViewController.swift */ = {isa = PBXFileReference; lastKnownFileType = sourcecode.swift; path = AcceptedViewController.swift; sourceTree = "<group>"; };
		E1AB5E32230D67B800EC5FC3 /* ListRecyclableViewController.swift */ = {isa = PBXFileReference; lastKnownFileType = sourcecode.swift; path = ListRecyclableViewController.swift; sourceTree = "<group>"; };
		E1AB5E34230D67D700EC5FC3 /* NotificationViewController.swift */ = {isa = PBXFileReference; lastKnownFileType = sourcecode.swift; path = NotificationViewController.swift; sourceTree = "<group>"; };
		E1AB5E36230D67F600EC5FC3 /* DetailNotificationViewController.swift */ = {isa = PBXFileReference; lastKnownFileType = sourcecode.swift; path = DetailNotificationViewController.swift; sourceTree = "<group>"; };
		E1AB5E38230D681800EC5FC3 /* PickUpViewController.swift */ = {isa = PBXFileReference; lastKnownFileType = sourcecode.swift; path = PickUpViewController.swift; sourceTree = "<group>"; };
		E1AB5E3A230D68BC00EC5FC3 /* DashboardViewController.swift */ = {isa = PBXFileReference; lastKnownFileType = sourcecode.swift; path = DashboardViewController.swift; sourceTree = "<group>"; };
		E1AB5E3C230D68E000EC5FC3 /* ProfileViewController.swift */ = {isa = PBXFileReference; lastKnownFileType = sourcecode.swift; path = ProfileViewController.swift; sourceTree = "<group>"; };
		E1BB23A4231241CA004DD76D /* DetailActivityTableViewCell.swift */ = {isa = PBXFileReference; lastKnownFileType = sourcecode.swift; path = DetailActivityTableViewCell.swift; sourceTree = "<group>"; };
		E1CEA62E230E73D3009CDF08 /* SortInfoCollectionViewCell.swift */ = {isa = PBXFileReference; lastKnownFileType = sourcecode.swift; path = SortInfoCollectionViewCell.swift; sourceTree = "<group>"; };
		E1CEA631230E77AE009CDF08 /* Rounded.swift */ = {isa = PBXFileReference; lastKnownFileType = sourcecode.swift; path = Rounded.swift; sourceTree = "<group>"; };
		E1CEA635230E96FD009CDF08 /* ActivityTableViewCell.swift */ = {isa = PBXFileReference; lastKnownFileType = sourcecode.swift; path = ActivityTableViewCell.swift; sourceTree = "<group>"; };
		E1CEA637230FCCAD009CDF08 /* EvidenceCollectionViewCell.swift */ = {isa = PBXFileReference; lastKnownFileType = sourcecode.swift; path = EvidenceCollectionViewCell.swift; sourceTree = "<group>"; };
		E1CEA639230FD2BF009CDF08 /* ListPriceViewController.swift */ = {isa = PBXFileReference; lastKnownFileType = sourcecode.swift; path = ListPriceViewController.swift; sourceTree = "<group>"; };
		E1CEA63B230FD2DB009CDF08 /* ListPriceTableViewCell.swift */ = {isa = PBXFileReference; lastKnownFileType = sourcecode.swift; path = ListPriceTableViewCell.swift; sourceTree = "<group>"; };
		E1F95171231FC99900CD1E26 /* OnBoardingViewController.swift */ = {isa = PBXFileReference; lastKnownFileType = sourcecode.swift; path = OnBoardingViewController.swift; sourceTree = "<group>"; };
		E1F95173231FC9B700CD1E26 /* Slide.xib */ = {isa = PBXFileReference; lastKnownFileType = file.xib; path = Slide.xib; sourceTree = "<group>"; };
		E1F95175231FCA5E00CD1E26 /* Slide.swift */ = {isa = PBXFileReference; lastKnownFileType = sourcecode.swift; path = Slide.swift; sourceTree = "<group>"; };
		E1FC554D230D51C700F98225 /* Mini Challenge 3.app */ = {isa = PBXFileReference; explicitFileType = wrapper.application; includeInIndex = 0; path = "Mini Challenge 3.app"; sourceTree = BUILT_PRODUCTS_DIR; };
		E1FC5550230D51C700F98225 /* AppDelegate.swift */ = {isa = PBXFileReference; lastKnownFileType = sourcecode.swift; path = AppDelegate.swift; sourceTree = "<group>"; };
		E1FC5555230D51C700F98225 /* Base */ = {isa = PBXFileReference; lastKnownFileType = file.storyboard; name = Base; path = Base.lproj/Main.storyboard; sourceTree = "<group>"; };
		E1FC5557230D51C800F98225 /* Assets.xcassets */ = {isa = PBXFileReference; lastKnownFileType = folder.assetcatalog; path = Assets.xcassets; sourceTree = "<group>"; };
		E1FC555A230D51C800F98225 /* Base */ = {isa = PBXFileReference; lastKnownFileType = file.storyboard; name = Base; path = Base.lproj/LaunchScreen.storyboard; sourceTree = "<group>"; };
		E1FC555C230D51C800F98225 /* Info.plist */ = {isa = PBXFileReference; lastKnownFileType = text.plist.xml; path = Info.plist; sourceTree = "<group>"; };
		E1FC5562230D521400F98225 /* Mini Challenge 3.entitlements */ = {isa = PBXFileReference; lastKnownFileType = text.plist.entitlements; path = "Mini Challenge 3.entitlements"; sourceTree = "<group>"; };
		E1FC5564230D521700F98225 /* CloudKit.framework */ = {isa = PBXFileReference; lastKnownFileType = wrapper.framework; name = CloudKit.framework; path = System/Library/Frameworks/CloudKit.framework; sourceTree = SDKROOT; };
/* End PBXFileReference section */

/* Begin PBXFrameworksBuildPhase section */
		E1FC554A230D51C700F98225 /* Frameworks */ = {
			isa = PBXFrameworksBuildPhase;
			buildActionMask = 2147483647;
			files = (
				E1FC5565230D521700F98225 /* CloudKit.framework in Frameworks */,
			);
			runOnlyForDeploymentPostprocessing = 0;
		};
/* End PBXFrameworksBuildPhase section */

/* Begin PBXGroup section */
		14A6E8E323139C3C0065B06B /* Login */ = {
			isa = PBXGroup;
			children = (
				14A6E8E723139C5D0065B06B /* Controller */,
				14A6E8E623139C550065B06B /* View */,
			);
			path = Login;
			sourceTree = "<group>";
		};
		14A6E8E623139C550065B06B /* View */ = {
			isa = PBXGroup;
			children = (
				14A6E8E423139C4B0065B06B /* Login.storyboard */,
			);
			path = View;
			sourceTree = "<group>";
		};
		14A6E8E723139C5D0065B06B /* Controller */ = {
			isa = PBXGroup;
			children = (
				14A6E8E823139C800065B06B /* LoginViewController.swift */,
			);
			path = Controller;
			sourceTree = "<group>";
		};
		E1AB5E1B230D660600EC5FC3 /* Splash Screen */ = {
			isa = PBXGroup;
			children = (
				E1FC5559230D51C800F98225 /* LaunchScreen.storyboard */,
			);
			path = "Splash Screen";
			sourceTree = "<group>";
		};
		E1AB5E1C230D662D00EC5FC3 /* Profile */ = {
			isa = PBXGroup;
			children = (
				E1AB5E1E230D664000EC5FC3 /* Controller */,
				E1AB5E1D230D663B00EC5FC3 /* View */,
			);
			path = Profile;
			sourceTree = "<group>";
		};
		E1AB5E1D230D663B00EC5FC3 /* View */ = {
			isa = PBXGroup;
			children = (
				E1A5D717230D53B70031D165 /* Profile.storyboard */,
			);
			path = View;
			sourceTree = "<group>";
		};
		E1AB5E1E230D664000EC5FC3 /* Controller */ = {
			isa = PBXGroup;
			children = (
				E1AB5E3C230D68E000EC5FC3 /* ProfileViewController.swift */,
				688F7B812313B1EB006E3209 /* EditProfileViewController.swift */,
			);
			path = Controller;
			sourceTree = "<group>";
		};
		E1AB5E21230D669700EC5FC3 /* Dashboard */ = {
			isa = PBXGroup;
			children = (
				E1AB5E23230D66A500EC5FC3 /* Controller */,
				E1AB5E22230D669F00EC5FC3 /* View */,
			);
			path = Dashboard;
			sourceTree = "<group>";
		};
		E1AB5E22230D669F00EC5FC3 /* View */ = {
			isa = PBXGroup;
			children = (
				E1FC5554230D51C700F98225 /* Main.storyboard */,
			);
			path = View;
			sourceTree = "<group>";
		};
		E1AB5E23230D66A500EC5FC3 /* Controller */ = {
			isa = PBXGroup;
			children = (
				E1F95170231FC93C00CD1E26 /* Xib */,
				E1AB5E3A230D68BC00EC5FC3 /* DashboardViewController.swift */,
				E1CEA62E230E73D3009CDF08 /* SortInfoCollectionViewCell.swift */,
				E1F95171231FC99900CD1E26 /* OnBoardingViewController.swift */,
			);
			path = Controller;
			sourceTree = "<group>";
		};
		E1AB5E26230D66F800EC5FC3 /* Pick Up */ = {
			isa = PBXGroup;
			children = (
				E1AB5E28230D670A00EC5FC3 /* Controller */,
				E1AB5E27230D670300EC5FC3 /* View */,
			);
			path = "Pick Up";
			sourceTree = "<group>";
		};
		E1AB5E27230D670300EC5FC3 /* View */ = {
			isa = PBXGroup;
			children = (
				E1A5D71A230D54030031D165 /* PickUp.storyboard */,
			);
			path = View;
			sourceTree = "<group>";
		};
		E1AB5E28230D670A00EC5FC3 /* Controller */ = {
			isa = PBXGroup;
			children = (
				E1AB5E38230D681800EC5FC3 /* PickUpViewController.swift */,
				E1CEA637230FCCAD009CDF08 /* EvidenceCollectionViewCell.swift */,
				E1AAA76D23165E3E0091FFB6 /* AcceptedViewController.swift */,
				E163C4DC231F83DC00D78114 /* SelectMapViewController.swift */,
			);
			path = Controller;
			sourceTree = "<group>";
		};
		E1AB5E29230D671C00EC5FC3 /* Notification */ = {
			isa = PBXGroup;
			children = (
				E1AB5E2B230D673200EC5FC3 /* Controller */,
				E1AB5E2A230D672200EC5FC3 /* View */,
			);
			path = Notification;
			sourceTree = "<group>";
		};
		E1AB5E2A230D672200EC5FC3 /* View */ = {
			isa = PBXGroup;
			children = (
				E1A5D71C230D540D0031D165 /* Notification.storyboard */,
			);
			path = View;
			sourceTree = "<group>";
		};
		E1AB5E2B230D673200EC5FC3 /* Controller */ = {
			isa = PBXGroup;
			children = (
				E1AB5E34230D67D700EC5FC3 /* NotificationViewController.swift */,
				E1AB5E36230D67F600EC5FC3 /* DetailNotificationViewController.swift */,
				E1CEA635230E96FD009CDF08 /* ActivityTableViewCell.swift */,
				E1BB23A4231241CA004DD76D /* DetailActivityTableViewCell.swift */,
				E1AAA76B231542300091FFB6 /* DetailImageCollectionViewCell.swift */,
			);
			path = Controller;
			sourceTree = "<group>";
		};
		E1AB5E2C230D674200EC5FC3 /* List Recyclable */ = {
			isa = PBXGroup;
			children = (
				E1AB5E2F230D675900EC5FC3 /* Controller */,
				E1AB5E2E230D675400EC5FC3 /* View */,
			);
			path = "List Recyclable";
			sourceTree = "<group>";
		};
		E1AB5E2D230D674F00EC5FC3 /* List Price */ = {
			isa = PBXGroup;
			children = (
				E1AB5E31230D676800EC5FC3 /* Controller */,
				E1AB5E30230D675D00EC5FC3 /* View */,
			);
			path = "List Price";
			sourceTree = "<group>";
		};
		E1AB5E2E230D675400EC5FC3 /* View */ = {
			isa = PBXGroup;
			children = (
				E1A5D71E230D54250031D165 /* ListRecyclable.storyboard */,
			);
			path = View;
			sourceTree = "<group>";
		};
		E1AB5E2F230D675900EC5FC3 /* Controller */ = {
			isa = PBXGroup;
			children = (
				E1AB5E32230D67B800EC5FC3 /* ListRecyclableViewController.swift */,
				14A6E8DF231003B00065B06B /* ListRecyclableTableViewCell.swift */,
				14A6E8E1231003C20065B06B /* ListRecyclableCollectionViewCell.swift */,
				14A6E8EC231ABC970065B06B /* ListRecyclableExampleViewController.swift */,
				14A6E8EA231ABBC40065B06B /* ListRecyclableExampleCollectionViewCell.swift */,
			);
			path = Controller;
			sourceTree = "<group>";
		};
		E1AB5E30230D675D00EC5FC3 /* View */ = {
			isa = PBXGroup;
			children = (
				14A6E8DD230FEB8B0065B06B /* ListPrices.storyboard */,
			);
			path = View;
			sourceTree = "<group>";
		};
		E1AB5E31230D676800EC5FC3 /* Controller */ = {
			isa = PBXGroup;
			children = (
				E1CEA639230FD2BF009CDF08 /* ListPriceViewController.swift */,
				E1CEA63B230FD2DB009CDF08 /* ListPriceTableViewCell.swift */,
			);
			path = Controller;
			sourceTree = "<group>";
		};
		E1CEA630230E77A0009CDF08 /* Extension */ = {
			isa = PBXGroup;
			children = (
				68D0C79B2313B529003FD659 /* Shadow.swift */,
				E1CEA631230E77AE009CDF08 /* Rounded.swift */,
				E1045D922313F11E0051D339 /* AssetToImage.swift */,
			);
			path = Extension;
			sourceTree = "<group>";
		};
		E1F95170231FC93C00CD1E26 /* Xib */ = {
			isa = PBXGroup;
			children = (
				E1F95173231FC9B700CD1E26 /* Slide.xib */,
				E1F95175231FCA5E00CD1E26 /* Slide.swift */,
			);
			path = Xib;
			sourceTree = "<group>";
		};
		E1FC5544230D51C700F98225 = {
			isa = PBXGroup;
			children = (
				E1FC554F230D51C700F98225 /* Mini Challenge 3 */,
				E1FC554E230D51C700F98225 /* Products */,
				E1FC5563230D521700F98225 /* Frameworks */,
			);
			sourceTree = "<group>";
		};
		E1FC554E230D51C700F98225 /* Products */ = {
			isa = PBXGroup;
			children = (
				E1FC554D230D51C700F98225 /* Mini Challenge 3.app */,
			);
			name = Products;
			sourceTree = "<group>";
		};
		E1FC554F230D51C700F98225 /* Mini Challenge 3 */ = {
			isa = PBXGroup;
			children = (
				14A6E8E323139C3C0065B06B /* Login */,
				E1AB5E21230D669700EC5FC3 /* Dashboard */,
				E1AB5E29230D671C00EC5FC3 /* Notification */,
				E1AB5E1B230D660600EC5FC3 /* Splash Screen */,
				E1AB5E1C230D662D00EC5FC3 /* Profile */,
				E1AB5E26230D66F800EC5FC3 /* Pick Up */,
				E1AB5E2C230D674200EC5FC3 /* List Recyclable */,
				E1AB5E2D230D674F00EC5FC3 /* List Price */,
				E1CEA630230E77A0009CDF08 /* Extension */,
				E1FC5562230D521400F98225 /* Mini Challenge 3.entitlements */,
				E1FC5550230D51C700F98225 /* AppDelegate.swift */,
				E1FC5557230D51C800F98225 /* Assets.xcassets */,
				E1FC555C230D51C800F98225 /* Info.plist */,
			);
			path = "Mini Challenge 3";
			sourceTree = "<group>";
		};
		E1FC5563230D521700F98225 /* Frameworks */ = {
			isa = PBXGroup;
			children = (
				E1FC5564230D521700F98225 /* CloudKit.framework */,
			);
			name = Frameworks;
			sourceTree = "<group>";
		};
/* End PBXGroup section */

/* Begin PBXNativeTarget section */
		E1FC554C230D51C700F98225 /* Mini Challenge 3 */ = {
			isa = PBXNativeTarget;
			buildConfigurationList = E1FC555F230D51C800F98225 /* Build configuration list for PBXNativeTarget "Mini Challenge 3" */;
			buildPhases = (
				E1FC5549230D51C700F98225 /* Sources */,
				E1FC554A230D51C700F98225 /* Frameworks */,
				E1FC554B230D51C700F98225 /* Resources */,
			);
			buildRules = (
			);
			dependencies = (
			);
			name = "Mini Challenge 3";
			productName = "Mini Challenge 3";
			productReference = E1FC554D230D51C700F98225 /* Mini Challenge 3.app */;
			productType = "com.apple.product-type.application";
		};
/* End PBXNativeTarget section */

/* Begin PBXProject section */
		E1FC5545230D51C700F98225 /* Project object */ = {
			isa = PBXProject;
			attributes = {
				LastSwiftUpdateCheck = 1030;
				LastUpgradeCheck = 1030;
				ORGANIZATIONNAME = 11;
				TargetAttributes = {
					E1FC554C230D51C700F98225 = {
						CreatedOnToolsVersion = 10.3;
						SystemCapabilities = {
							com.apple.Push = {
								enabled = 1;
							};
							com.apple.iCloud = {
								enabled = 1;
							};
						};
					};
				};
			};
			buildConfigurationList = E1FC5548230D51C700F98225 /* Build configuration list for PBXProject "Mini Challenge 3" */;
			compatibilityVersion = "Xcode 9.3";
			developmentRegion = en;
			hasScannedForEncodings = 0;
			knownRegions = (
				en,
				Base,
			);
			mainGroup = E1FC5544230D51C700F98225;
			productRefGroup = E1FC554E230D51C700F98225 /* Products */;
			projectDirPath = "";
			projectRoot = "";
			targets = (
				E1FC554C230D51C700F98225 /* Mini Challenge 3 */,
			);
		};
/* End PBXProject section */

/* Begin PBXResourcesBuildPhase section */
		E1FC554B230D51C700F98225 /* Resources */ = {
			isa = PBXResourcesBuildPhase;
			buildActionMask = 2147483647;
			files = (
				E1A5D71B230D54030031D165 /* PickUp.storyboard in Resources */,
				E1FC555B230D51C800F98225 /* LaunchScreen.storyboard in Resources */,
				E1A5D71F230D54250031D165 /* ListRecyclable.storyboard in Resources */,
				14A6E8DE230FEB8B0065B06B /* ListPrices.storyboard in Resources */,
				E1FC5558230D51C800F98225 /* Assets.xcassets in Resources */,
				E1F95174231FC9B700CD1E26 /* Slide.xib in Resources */,
				E1A5D718230D53B70031D165 /* Profile.storyboard in Resources */,
				E1FC5556230D51C700F98225 /* Main.storyboard in Resources */,
				E1A5D71D230D540D0031D165 /* Notification.storyboard in Resources */,
				14A6E8E523139C4B0065B06B /* Login.storyboard in Resources */,
			);
			runOnlyForDeploymentPostprocessing = 0;
		};
/* End PBXResourcesBuildPhase section */

/* Begin PBXSourcesBuildPhase section */
		E1FC5549230D51C700F98225 /* Sources */ = {
			isa = PBXSourcesBuildPhase;
			buildActionMask = 2147483647;
			files = (
				688F7B822313B1EB006E3209 /* EditProfileViewController.swift in Sources */,
				E1AB5E39230D681800EC5FC3 /* PickUpViewController.swift in Sources */,
				E1AB5E3B230D68BC00EC5FC3 /* DashboardViewController.swift in Sources */,
				E1CEA63C230FD2DB009CDF08 /* ListPriceTableViewCell.swift in Sources */,
				14A6E8E0231003B00065B06B /* ListRecyclableTableViewCell.swift in Sources */,
				E1AAA76E23165E3E0091FFB6 /* AcceptedViewController.swift in Sources */,
				E1045D932313F11E0051D339 /* AssetToImage.swift in Sources */,
				E163C4DD231F83DC00D78114 /* SelectMapViewController.swift in Sources */,
				E1CEA636230E96FD009CDF08 /* ActivityTableViewCell.swift in Sources */,
				E1FC5551230D51C700F98225 /* AppDelegate.swift in Sources */,
				14A6E8ED231ABC970065B06B /* ListRecyclableExampleViewController.swift in Sources */,
				E1CEA638230FCCAD009CDF08 /* EvidenceCollectionViewCell.swift in Sources */,
				E1AB5E35230D67D700EC5FC3 /* NotificationViewController.swift in Sources */,
				E1AAA76C231542300091FFB6 /* DetailImageCollectionViewCell.swift in Sources */,
				E1BB23A5231241CA004DD76D /* DetailActivityTableViewCell.swift in Sources */,
				E1CEA62F230E73D3009CDF08 /* SortInfoCollectionViewCell.swift in Sources */,
				E1AB5E3D230D68E000EC5FC3 /* ProfileViewController.swift in Sources */,
				E1AB5E33230D67B800EC5FC3 /* ListRecyclableViewController.swift in Sources */,
				E1CEA632230E77AE009CDF08 /* Rounded.swift in Sources */,
				E1F95172231FC99900CD1E26 /* OnBoardingViewController.swift in Sources */,
				14A6E8E923139C800065B06B /* LoginViewController.swift in Sources */,
				68D0C79C2313B529003FD659 /* Shadow.swift in Sources */,
				E1CEA63A230FD2BF009CDF08 /* ListPriceViewController.swift in Sources */,
				14A6E8EB231ABBC40065B06B /* ListRecyclableExampleCollectionViewCell.swift in Sources */,
				E1F95176231FCA5E00CD1E26 /* Slide.swift in Sources */,
				E1AB5E37230D67F600EC5FC3 /* DetailNotificationViewController.swift in Sources */,
				14A6E8E2231003C20065B06B /* ListRecyclableCollectionViewCell.swift in Sources */,
			);
			runOnlyForDeploymentPostprocessing = 0;
		};
/* End PBXSourcesBuildPhase section */

/* Begin PBXVariantGroup section */
		E1FC5554230D51C700F98225 /* Main.storyboard */ = {
			isa = PBXVariantGroup;
			children = (
				E1FC5555230D51C700F98225 /* Base */,
			);
			name = Main.storyboard;
			sourceTree = "<group>";
		};
		E1FC5559230D51C800F98225 /* LaunchScreen.storyboard */ = {
			isa = PBXVariantGroup;
			children = (
				E1FC555A230D51C800F98225 /* Base */,
			);
			name = LaunchScreen.storyboard;
			sourceTree = "<group>";
		};
/* End PBXVariantGroup section */

/* Begin XCBuildConfiguration section */
		E1FC555D230D51C800F98225 /* Debug */ = {
			isa = XCBuildConfiguration;
			buildSettings = {
				ALWAYS_SEARCH_USER_PATHS = NO;
				CLANG_ANALYZER_NONNULL = YES;
				CLANG_ANALYZER_NUMBER_OBJECT_CONVERSION = YES_AGGRESSIVE;
				CLANG_CXX_LANGUAGE_STANDARD = "gnu++14";
				CLANG_CXX_LIBRARY = "libc++";
				CLANG_ENABLE_MODULES = YES;
				CLANG_ENABLE_OBJC_ARC = YES;
				CLANG_ENABLE_OBJC_WEAK = YES;
				CLANG_WARN_BLOCK_CAPTURE_AUTORELEASING = YES;
				CLANG_WARN_BOOL_CONVERSION = YES;
				CLANG_WARN_COMMA = YES;
				CLANG_WARN_CONSTANT_CONVERSION = YES;
				CLANG_WARN_DEPRECATED_OBJC_IMPLEMENTATIONS = YES;
				CLANG_WARN_DIRECT_OBJC_ISA_USAGE = YES_ERROR;
				CLANG_WARN_DOCUMENTATION_COMMENTS = YES;
				CLANG_WARN_EMPTY_BODY = YES;
				CLANG_WARN_ENUM_CONVERSION = YES;
				CLANG_WARN_INFINITE_RECURSION = YES;
				CLANG_WARN_INT_CONVERSION = YES;
				CLANG_WARN_NON_LITERAL_NULL_CONVERSION = YES;
				CLANG_WARN_OBJC_IMPLICIT_RETAIN_SELF = YES;
				CLANG_WARN_OBJC_LITERAL_CONVERSION = YES;
				CLANG_WARN_OBJC_ROOT_CLASS = YES_ERROR;
				CLANG_WARN_RANGE_LOOP_ANALYSIS = YES;
				CLANG_WARN_STRICT_PROTOTYPES = YES;
				CLANG_WARN_SUSPICIOUS_MOVE = YES;
				CLANG_WARN_UNGUARDED_AVAILABILITY = YES_AGGRESSIVE;
				CLANG_WARN_UNREACHABLE_CODE = YES;
				CLANG_WARN__DUPLICATE_METHOD_MATCH = YES;
				CODE_SIGN_IDENTITY = "iPhone Developer";
				COPY_PHASE_STRIP = NO;
				DEBUG_INFORMATION_FORMAT = dwarf;
				ENABLE_STRICT_OBJC_MSGSEND = YES;
				ENABLE_TESTABILITY = YES;
				GCC_C_LANGUAGE_STANDARD = gnu11;
				GCC_DYNAMIC_NO_PIC = NO;
				GCC_NO_COMMON_BLOCKS = YES;
				GCC_OPTIMIZATION_LEVEL = 0;
				GCC_PREPROCESSOR_DEFINITIONS = (
					"DEBUG=1",
					"$(inherited)",
				);
				GCC_WARN_64_TO_32_BIT_CONVERSION = YES;
				GCC_WARN_ABOUT_RETURN_TYPE = YES_ERROR;
				GCC_WARN_UNDECLARED_SELECTOR = YES;
				GCC_WARN_UNINITIALIZED_AUTOS = YES_AGGRESSIVE;
				GCC_WARN_UNUSED_FUNCTION = YES;
				GCC_WARN_UNUSED_VARIABLE = YES;
				IPHONEOS_DEPLOYMENT_TARGET = 12.4;
				MTL_ENABLE_DEBUG_INFO = INCLUDE_SOURCE;
				MTL_FAST_MATH = YES;
				ONLY_ACTIVE_ARCH = YES;
				SDKROOT = iphoneos;
				SWIFT_ACTIVE_COMPILATION_CONDITIONS = DEBUG;
				SWIFT_OPTIMIZATION_LEVEL = "-Onone";
			};
			name = Debug;
		};
		E1FC555E230D51C800F98225 /* Release */ = {
			isa = XCBuildConfiguration;
			buildSettings = {
				ALWAYS_SEARCH_USER_PATHS = NO;
				CLANG_ANALYZER_NONNULL = YES;
				CLANG_ANALYZER_NUMBER_OBJECT_CONVERSION = YES_AGGRESSIVE;
				CLANG_CXX_LANGUAGE_STANDARD = "gnu++14";
				CLANG_CXX_LIBRARY = "libc++";
				CLANG_ENABLE_MODULES = YES;
				CLANG_ENABLE_OBJC_ARC = YES;
				CLANG_ENABLE_OBJC_WEAK = YES;
				CLANG_WARN_BLOCK_CAPTURE_AUTORELEASING = YES;
				CLANG_WARN_BOOL_CONVERSION = YES;
				CLANG_WARN_COMMA = YES;
				CLANG_WARN_CONSTANT_CONVERSION = YES;
				CLANG_WARN_DEPRECATED_OBJC_IMPLEMENTATIONS = YES;
				CLANG_WARN_DIRECT_OBJC_ISA_USAGE = YES_ERROR;
				CLANG_WARN_DOCUMENTATION_COMMENTS = YES;
				CLANG_WARN_EMPTY_BODY = YES;
				CLANG_WARN_ENUM_CONVERSION = YES;
				CLANG_WARN_INFINITE_RECURSION = YES;
				CLANG_WARN_INT_CONVERSION = YES;
				CLANG_WARN_NON_LITERAL_NULL_CONVERSION = YES;
				CLANG_WARN_OBJC_IMPLICIT_RETAIN_SELF = YES;
				CLANG_WARN_OBJC_LITERAL_CONVERSION = YES;
				CLANG_WARN_OBJC_ROOT_CLASS = YES_ERROR;
				CLANG_WARN_RANGE_LOOP_ANALYSIS = YES;
				CLANG_WARN_STRICT_PROTOTYPES = YES;
				CLANG_WARN_SUSPICIOUS_MOVE = YES;
				CLANG_WARN_UNGUARDED_AVAILABILITY = YES_AGGRESSIVE;
				CLANG_WARN_UNREACHABLE_CODE = YES;
				CLANG_WARN__DUPLICATE_METHOD_MATCH = YES;
				CODE_SIGN_IDENTITY = "iPhone Developer";
				COPY_PHASE_STRIP = NO;
				DEBUG_INFORMATION_FORMAT = "dwarf-with-dsym";
				ENABLE_NS_ASSERTIONS = NO;
				ENABLE_STRICT_OBJC_MSGSEND = YES;
				GCC_C_LANGUAGE_STANDARD = gnu11;
				GCC_NO_COMMON_BLOCKS = YES;
				GCC_WARN_64_TO_32_BIT_CONVERSION = YES;
				GCC_WARN_ABOUT_RETURN_TYPE = YES_ERROR;
				GCC_WARN_UNDECLARED_SELECTOR = YES;
				GCC_WARN_UNINITIALIZED_AUTOS = YES_AGGRESSIVE;
				GCC_WARN_UNUSED_FUNCTION = YES;
				GCC_WARN_UNUSED_VARIABLE = YES;
				IPHONEOS_DEPLOYMENT_TARGET = 12.4;
				MTL_ENABLE_DEBUG_INFO = NO;
				MTL_FAST_MATH = YES;
				SDKROOT = iphoneos;
				SWIFT_COMPILATION_MODE = wholemodule;
				SWIFT_OPTIMIZATION_LEVEL = "-O";
				VALIDATE_PRODUCT = YES;
			};
			name = Release;
		};
		E1FC5560230D51C800F98225 /* Debug */ = {
			isa = XCBuildConfiguration;
			buildSettings = {
				ASSETCATALOG_COMPILER_APPICON_NAME = AppIcon;
				CODE_SIGN_ENTITLEMENTS = "Mini Challenge 3/Mini Challenge 3.entitlements";
				CODE_SIGN_STYLE = Automatic;
				DEVELOPMENT_TEAM = 7858P7ZUST;
				INFOPLIST_FILE = "Mini Challenge 3/Info.plist";
				IPHONEOS_DEPLOYMENT_TARGET = 12.2;
				LD_RUNPATH_SEARCH_PATHS = (
					"$(inherited)",
					"@executable_path/Frameworks",
				);
				PRODUCT_BUNDLE_IDENTIFIER = "Cls.Mini-Challenge-3";
				PRODUCT_NAME = "$(TARGET_NAME)";
				SWIFT_VERSION = 5.0;
				TARGETED_DEVICE_FAMILY = "1,2";
			};
			name = Debug;
		};
		E1FC5561230D51C800F98225 /* Release */ = {
			isa = XCBuildConfiguration;
			buildSettings = {
				ASSETCATALOG_COMPILER_APPICON_NAME = AppIcon;
				CODE_SIGN_ENTITLEMENTS = "Mini Challenge 3/Mini Challenge 3.entitlements";
				CODE_SIGN_STYLE = Automatic;
				DEVELOPMENT_TEAM = 7858P7ZUST;
				INFOPLIST_FILE = "Mini Challenge 3/Info.plist";
				IPHONEOS_DEPLOYMENT_TARGET = 12.2;
				LD_RUNPATH_SEARCH_PATHS = (
					"$(inherited)",
					"@executable_path/Frameworks",
				);
				PRODUCT_BUNDLE_IDENTIFIER = "Cls.Mini-Challenge-3";
				PRODUCT_NAME = "$(TARGET_NAME)";
				SWIFT_VERSION = 5.0;
				TARGETED_DEVICE_FAMILY = "1,2";
			};
			name = Release;
		};
/* End XCBuildConfiguration section */

/* Begin XCConfigurationList section */
		E1FC5548230D51C700F98225 /* Build configuration list for PBXProject "Mini Challenge 3" */ = {
			isa = XCConfigurationList;
			buildConfigurations = (
				E1FC555D230D51C800F98225 /* Debug */,
				E1FC555E230D51C800F98225 /* Release */,
			);
			defaultConfigurationIsVisible = 0;
			defaultConfigurationName = Release;
		};
		E1FC555F230D51C800F98225 /* Build configuration list for PBXNativeTarget "Mini Challenge 3" */ = {
			isa = XCConfigurationList;
			buildConfigurations = (
				E1FC5560230D51C800F98225 /* Debug */,
				E1FC5561230D51C800F98225 /* Release */,
			);
			defaultConfigurationIsVisible = 0;
			defaultConfigurationName = Release;
		};
/* End XCConfigurationList section */
	};
	rootObject = E1FC5545230D51C700F98225 /* Project object */;
}
